
Microsoft Visual Studio Solution File, Format Version 12.00
# Visual Studio 15
VisualStudioVersion = 15.0.28307.1340
MinimumVisualStudioVersion = 10.0.40219.1
Project("{FAE04EC0-301F-11D3-BF4B-00C04F79EFBC}") = "DocumentManagerPoc.PdfWriter", "DocumentManagerPoc.PdfWriter\DocumentManagerPoc.PdfWriter.csproj", "{8DEA772E-7564-4700-9DB3-143E8EDB9946}"
EndProject
Project("{FAE04EC0-301F-11D3-BF4B-00C04F79EFBC}") = "DocumentManagerPoc.PdfWriterTest", "DocumentManagerPoc.PdfWriterTest\DocumentManagerPoc.PdfWriterTest.csproj", "{E680718C-52C1-42F0-867C-D2E23508DBC7}"
EndProject
Global
	GlobalSection(SolutionConfigurationPlatforms) = preSolution
		Debug|Any CPU = Debug|Any CPU
		Release|Any CPU = Release|Any CPU
	EndGlobalSection
	GlobalSection(ProjectConfigurationPlatforms) = postSolution
		{8DEA772E-7564-4700-9DB3-143E8EDB9946}.Debug|Any CPU.ActiveCfg = Debug|Any CPU
		{8DEA772E-7564-4700-9DB3-143E8EDB9946}.Debug|Any CPU.Build.0 = Debug|Any CPU
		{8DEA772E-7564-4700-9DB3-143E8EDB9946}.Release|Any CPU.ActiveCfg = Release|Any CPU
		{8DEA772E-7564-4700-9DB3-143E8EDB9946}.Release|Any CPU.Build.0 = Release|Any CPU
		{E680718C-52C1-42F0-867C-D2E23508DBC7}.Debug|Any CPU.ActiveCfg = Debug|Any CPU
		{E680718C-52C1-42F0-867C-D2E23508DBC7}.Debug|Any CPU.Build.0 = Debug|Any CPU
		{E680718C-52C1-42F0-867C-D2E23508DBC7}.Release|Any CPU.ActiveCfg = Release|Any CPU
		{E680718C-52C1-42F0-867C-D2E23508DBC7}.Release|Any CPU.Build.0 = Release|Any CPU
	EndGlobalSection
	GlobalSection(SolutionProperties) = preSolution
		HideSolutionNode = FALSE
	EndGlobalSection
	GlobalSection(ExtensibilityGlobals) = postSolution
		SolutionGuid = {2F743AD0-B72C-4C4B-A529-6A8DCF3F3225}
	EndGlobalSection
EndGlobal
